
Microsoft Visual Studio Solution File, Format Version 12.00
# Visual Studio 15
VisualStudioVersion = 15.0.28307.136
MinimumVisualStudioVersion = 10.0.40219.1
Project("{FAE04EC0-301F-11D3-BF4B-00C04F79EFBC}") = "AspDotNetCoreSecurity", "AspDotNetCoreSecurity\AspDotNetCoreSecurity.csproj", "{F1354AD1-5B5B-4835-B862-D87BE6156A17}"
EndProject
Global
	GlobalSection(SolutionConfigurationPlatforms) = preSolution
		Debug|Any CPU = Debug|Any CPU
		Release|Any CPU = Release|Any CPU
	EndGlobalSection
	GlobalSection(ProjectConfigurationPlatforms) = postSolution
		{F1354AD1-5B5B-4835-B862-D87BE6156A17}.Debug|Any CPU.ActiveCfg = Debug|Any CPU
		{F1354AD1-5B5B-4835-B862-D87BE6156A17}.Debug|Any CPU.Build.0 = Debug|Any CPU
		{F1354AD1-5B5B-4835-B862-D87BE6156A17}.Release|Any CPU.ActiveCfg = Release|Any CPU
		{F1354AD1-5B5B-4835-B862-D87BE6156A17}.Release|Any CPU.Build.0 = Release|Any CPU
	EndGlobalSection
	GlobalSection(SolutionProperties) = preSolution
		HideSolutionNode = FALSE
	EndGlobalSection
	GlobalSection(ExtensibilityGlobals) = postSolution
		SolutionGuid = {C291C384-85B3-494F-9E3A-CC3D96531C4C}
	EndGlobalSection
EndGlobal
